// !$*UTF8*$!
{
	archiveVersion = 1;
	classes = {
	};
	objectVersion = 46;
	objects = {

/* Begin PBXBuildFile section */
		33C4545660AC4EFE8DFC2306 /* libPods-jishi.a in Frameworks */ = {isa = PBXBuildFile; fileRef = 0377890239EBC83944115186 /* libPods-jishi.a */; };
		8402B9E01E9F2917000CDFF7 /* InviteFriendsViewController.m in Sources */ = {isa = PBXBuildFile; fileRef = 8402B9DF1E9F2917000CDFF7 /* InviteFriendsViewController.m */; };
		8402B9F31E9F3252000CDFF7 /* AddressVC.m in Sources */ = {isa = PBXBuildFile; fileRef = 8402B9F21E9F3252000CDFF7 /* AddressVC.m */; };
		8402B9F61E9F3AF2000CDFF7 /* PersonModel.m in Sources */ = {isa = PBXBuildFile; fileRef = 8402B9F51E9F3AF2000CDFF7 /* PersonModel.m */; };
		840AB3521E6E50DA00532231 /* WSIndexBanner.m in Sources */ = {isa = PBXBuildFile; fileRef = 840AB34F1E6E50DA00532231 /* WSIndexBanner.m */; };
		840AB3531E6E50DA00532231 /* WSPageView.m in Sources */ = {isa = PBXBuildFile; fileRef = 840AB3511E6E50DA00532231 /* WSPageView.m */; };
		840AB3571E6E660700532231 /* libxml2.tbd in Frameworks */ = {isa = PBXBuildFile; fileRef = 840AB3561E6E660700532231 /* libxml2.tbd */; };
		840FE9541E6F9F3E0050C444 /* LoginViewController.m in Sources */ = {isa = PBXBuildFile; fileRef = 840FE9531E6F9F3E0050C444 /* LoginViewController.m */; };
		840FE96B1E6FA18D0050C444 /* BottomLineView.m in Sources */ = {isa = PBXBuildFile; fileRef = 840FE9641E6FA18D0050C444 /* BottomLineView.m */; };
		840FE96C1E6FA18D0050C444 /* OptionBarController.m in Sources */ = {isa = PBXBuildFile; fileRef = 840FE9661E6FA18D0050C444 /* OptionBarController.m */; };
		840FE96D1E6FA18D0050C444 /* OptionsBarItem.m in Sources */ = {isa = PBXBuildFile; fileRef = 840FE9681E6FA18D0050C444 /* OptionsBarItem.m */; };
		840FE96E1E6FA18D0050C444 /* OptionsBarView.m in Sources */ = {isa = PBXBuildFile; fileRef = 840FE96A1E6FA18D0050C444 /* OptionsBarView.m */; };
		840FE97B1E6FA8570050C444 /* LandingDynamicViewControllerViewController.m in Sources */ = {isa = PBXBuildFile; fileRef = 840FE97A1E6FA8570050C444 /* LandingDynamicViewControllerViewController.m */; };
		840FE97E1E6FA88B0050C444 /* PasswordLandingViewViewController.m in Sources */ = {isa = PBXBuildFile; fileRef = 840FE97D1E6FA88B0050C444 /* PasswordLandingViewViewController.m */; };
		840FE9831E6FCE430050C444 /* NetWorkManager.m in Sources */ = {isa = PBXBuildFile; fileRef = 840FE9801E6FCE430050C444 /* NetWorkManager.m */; };
		840FE9841E6FCE440050C444 /* NetWorkUtil.m in Sources */ = {isa = PBXBuildFile; fileRef = 840FE9821E6FCE430050C444 /* NetWorkUtil.m */; };
		840FE9881E6FCFEE0050C444 /* MessageAlertView.m in Sources */ = {isa = PBXBuildFile; fileRef = 840FE9871E6FCFEE0050C444 /* MessageAlertView.m */; };
		840FE98E1E6FD2650050C444 /* UtilTools.m in Sources */ = {isa = PBXBuildFile; fileRef = 840FE98D1E6FD2650050C444 /* UtilTools.m */; };
		840FE9911E6FDCCA0050C444 /* ProductModel.m in Sources */ = {isa = PBXBuildFile; fileRef = 840FE9901E6FDCCA0050C444 /* ProductModel.m */; };
		840FE9941E6FF3900050C444 /* WebVC.m in Sources */ = {isa = PBXBuildFile; fileRef = 840FE9931E6FF3900050C444 /* WebVC.m */; };
		840FE99A1E6FFEA10050C444 /* JishiyuTableViewCell.m in Sources */ = {isa = PBXBuildFile; fileRef = 840FE9991E6FFEA10050C444 /* JishiyuTableViewCell.m */; };
		8412242A1E6D480300048188 /* main.m in Sources */ = {isa = PBXBuildFile; fileRef = 841224291E6D480300048188 /* main.m */; };
		8412242D1E6D480300048188 /* AppDelegate.m in Sources */ = {isa = PBXBuildFile; fileRef = 8412242C1E6D480300048188 /* AppDelegate.m */; };
		841224301E6D480300048188 /* ViewController.m in Sources */ = {isa = PBXBuildFile; fileRef = 8412242F1E6D480300048188 /* ViewController.m */; };
		841224331E6D480300048188 /* Main.storyboard in Resources */ = {isa = PBXBuildFile; fileRef = 841224311E6D480300048188 /* Main.storyboard */; };
		841224381E6D480300048188 /* LaunchScreen.storyboard in Resources */ = {isa = PBXBuildFile; fileRef = 841224361E6D480300048188 /* LaunchScreen.storyboard */; };
		841224431E6D480300048188 /* jishiTests.m in Sources */ = {isa = PBXBuildFile; fileRef = 841224421E6D480300048188 /* jishiTests.m */; };
		8412244E1E6D480300048188 /* jishiUITests.m in Sources */ = {isa = PBXBuildFile; fileRef = 8412244D1E6D480300048188 /* jishiUITests.m */; };
		841224641E6D490100048188 /* JishiyuViewController.m in Sources */ = {isa = PBXBuildFile; fileRef = 8412245D1E6D490100048188 /* JishiyuViewController.m */; };
		841224651E6D490100048188 /* DaikuanViewController.m in Sources */ = {isa = PBXBuildFile; fileRef = 8412245F1E6D490100048188 /* DaikuanViewController.m */; };
		841224671E6D490100048188 /* MineViewController.m in Sources */ = {isa = PBXBuildFile; fileRef = 841224631E6D490100048188 /* MineViewController.m */; };
		8419CA311E72393900EAE23C /* JishiyuDetailsViewController.m in Sources */ = {isa = PBXBuildFile; fileRef = 8419CA301E72393900EAE23C /* JishiyuDetailsViewController.m */; };
		8419CA401E729C4B00EAE23C /* YTUITextField.m in Sources */ = {isa = PBXBuildFile; fileRef = 8419CA3D1E729C4B00EAE23C /* YTUITextField.m */; };
		8419CA411E729C4B00EAE23C /* YTUIToolbar.m in Sources */ = {isa = PBXBuildFile; fileRef = 8419CA3F1E729C4B00EAE23C /* YTUIToolbar.m */; };
		84361FD91EB1BD4E008595E7 /* CarkClickViewController.m in Sources */ = {isa = PBXBuildFile; fileRef = 84361FD81EB1BD4E008595E7 /* CarkClickViewController.m */; };
		8442AAB51E8B8B7A00655887 /* AmountClassificationViewController.m in Sources */ = {isa = PBXBuildFile; fileRef = 8442AAB41E8B8B7A00655887 /* AmountClassificationViewController.m */; };
		8442AAB81E8B8F4200655887 /* SetupViewController.m in Sources */ = {isa = PBXBuildFile; fileRef = 8442AAB71E8B8F4200655887 /* SetupViewController.m */; };
		8442AABB1E8B992600655887 /* AboutUsViewController.m in Sources */ = {isa = PBXBuildFile; fileRef = 8442AABA1E8B992600655887 /* AboutUsViewController.m */; };
		8442AAC11E8BAC1C00655887 /* AmountTableViewCell.m in Sources */ = {isa = PBXBuildFile; fileRef = 8442AAC01E8BAC1C00655887 /* AmountTableViewCell.m */; };
		844B8FF61E766ABF007C3207 /* ForgotPasswordVC.m in Sources */ = {isa = PBXBuildFile; fileRef = 844B8FF51E766ABF007C3207 /* ForgotPasswordVC.m */; };
		844B8FF91E769275007C3207 /* DaikuanTableViewCell.m in Sources */ = {isa = PBXBuildFile; fileRef = 844B8FF81E769275007C3207 /* DaikuanTableViewCell.m */; };
		8451AFC31EA89842002F04B6 /* ShareFriendsViewController.m in Sources */ = {isa = PBXBuildFile; fileRef = 8451AFC21EA89842002F04B6 /* ShareFriendsViewController.m */; };
		84546F501EA5F37C00AD0350 /* FastHandleCardCollectionViewCell.m in Sources */ = {isa = PBXBuildFile; fileRef = 84546F4D1EA5F37C00AD0350 /* FastHandleCardCollectionViewCell.m */; };
		84546F511EA5F37C00AD0350 /* FastHandleCardViewController.m in Sources */ = {isa = PBXBuildFile; fileRef = 84546F4F1EA5F37C00AD0350 /* FastHandleCardViewController.m */; };
		84546F531EA5FECC00AD0350 /* Assets.xcassets in Resources */ = {isa = PBXBuildFile; fileRef = 84546F521EA5FECC00AD0350 /* Assets.xcassets */; };
		847199D71E778F2E0026F585 /* LoanClassification.m in Sources */ = {isa = PBXBuildFile; fileRef = 847199D61E778F2E0026F585 /* LoanClassification.m */; };
		847199DA1E779E9F0026F585 /* LoanClasssificationVC.m in Sources */ = {isa = PBXBuildFile; fileRef = 847199D91E779E9F0026F585 /* LoanClasssificationVC.m */; };
		847199DD1E77C92B0026F585 /* User.m in Sources */ = {isa = PBXBuildFile; fileRef = 847199DC1E77C92B0026F585 /* User.m */; };
		847199E01E77CA410026F585 /* UserInfoContext.m in Sources */ = {isa = PBXBuildFile; fileRef = 847199DF1E77CA410026F585 /* UserInfoContext.m */; };
		84A733441EB86C07008ABB7E /* AddressBookVC.m in Sources */ = {isa = PBXBuildFile; fileRef = 84A7333B1EB86C07008ABB7E /* AddressBookVC.m */; };
		84A733451EB86C07008ABB7E /* CDFInitialsAvatar.m in Sources */ = {isa = PBXBuildFile; fileRef = 84A7333D1EB86C07008ABB7E /* CDFInitialsAvatar.m */; };
		84A733461EB86C07008ABB7E /* NSString+TKUtilities.m in Sources */ = {isa = PBXBuildFile; fileRef = 84A7333F1EB86C07008ABB7E /* NSString+TKUtilities.m */; };
		84A733471EB86C07008ABB7E /* PersonCell.m in Sources */ = {isa = PBXBuildFile; fileRef = 84A733411EB86C07008ABB7E /* PersonCell.m */; };
		84A733481EB86C07008ABB7E /* XHJAddressBook.m in Sources */ = {isa = PBXBuildFile; fileRef = 84A733431EB86C07008ABB7E /* XHJAddressBook.m */; };
		84B4779C1E8C9EE600DDF4AB /* LoanClickViewController.m in Sources */ = {isa = PBXBuildFile; fileRef = 84B4779B1E8C9EE600DDF4AB /* LoanClickViewController.m */; };
		84B4779F1E8CB30A00DDF4AB /* BusinessViewController.m in Sources */ = {isa = PBXBuildFile; fileRef = 84B4779E1E8CB30A00DDF4AB /* BusinessViewController.m */; };
		84B9DC261E9DCCB10066A92D /* BaseNC.m in Sources */ = {isa = PBXBuildFile; fileRef = 84B9DC1D1E9DCCB10066A92D /* BaseNC.m */; };
		84B9DC271E9DCCB10066A92D /* BaseVC.m in Sources */ = {isa = PBXBuildFile; fileRef = 84B9DC1F1E9DCCB10066A92D /* BaseVC.m */; };
		84B9DC281E9DCCB10066A92D /* GestureBaseVC.m in Sources */ = {isa = PBXBuildFile; fileRef = 84B9DC211E9DCCB10066A92D /* GestureBaseVC.m */; };
		84B9DC291E9DCCB10066A92D /* GestureNavBaseVC.m in Sources */ = {isa = PBXBuildFile; fileRef = 84B9DC231E9DCCB10066A92D /* GestureNavBaseVC.m */; };
		84B9DC2A1E9DCCB10066A92D /* NavBaseVC.m in Sources */ = {isa = PBXBuildFile; fileRef = 84B9DC251E9DCCB10066A92D /* NavBaseVC.m */; };
		84FF81391E7155EE0096AE87 /* RegisterVC.m in Sources */ = {isa = PBXBuildFile; fileRef = 84FF81381E7155EE0096AE87 /* RegisterVC.m */; };
/* End PBXBuildFile section */

/* Begin PBXContainerItemProxy section */
		8412243F1E6D480300048188 /* PBXContainerItemProxy */ = {
			isa = PBXContainerItemProxy;
			containerPortal = 8412241D1E6D480300048188 /* Project object */;
			proxyType = 1;
			remoteGlobalIDString = 841224241E6D480300048188;
			remoteInfo = jishi;
		};
		8412244A1E6D480300048188 /* PBXContainerItemProxy */ = {
			isa = PBXContainerItemProxy;
			containerPortal = 8412241D1E6D480300048188 /* Project object */;
			proxyType = 1;
			remoteGlobalIDString = 841224241E6D480300048188;
			remoteInfo = jishi;
		};
/* End PBXContainerItemProxy section */

/* Begin PBXFileReference section */
		0377890239EBC83944115186 /* libPods-jishi.a */ = {isa = PBXFileReference; explicitFileType = archive.ar; includeInIndex = 0; path = "libPods-jishi.a"; sourceTree = BUILT_PRODUCTS_DIR; };
		135956D68EBA3E15E510604C /* Pods-jishi.release.xcconfig */ = {isa = PBXFileReference; includeInIndex = 1; lastKnownFileType = text.xcconfig; name = "Pods-jishi.release.xcconfig"; path = "Pods/Target Support Files/Pods-jishi/Pods-jishi.release.xcconfig"; sourceTree = "<group>"; };
		323BDEF1C42090E0283F4D58 /* Pods-jishi.debug.xcconfig */ = {isa = PBXFileReference; includeInIndex = 1; lastKnownFileType = text.xcconfig; name = "Pods-jishi.debug.xcconfig"; path = "Pods/Target Support Files/Pods-jishi/Pods-jishi.debug.xcconfig"; sourceTree = "<group>"; };
		8402B9DE1E9F2917000CDFF7 /* InviteFriendsViewController.h */ = {isa = PBXFileReference; fileEncoding = 4; lastKnownFileType = sourcecode.c.h; path = InviteFriendsViewController.h; sourceTree = "<group>"; };
		8402B9DF1E9F2917000CDFF7 /* InviteFriendsViewController.m */ = {isa = PBXFileReference; fileEncoding = 4; lastKnownFileType = sourcecode.c.objc; path = InviteFriendsViewController.m; sourceTree = "<group>"; };
		8402B9F11E9F3252000CDFF7 /* AddressVC.h */ = {isa = PBXFileReference; fileEncoding = 4; lastKnownFileType = sourcecode.c.h; path = AddressVC.h; sourceTree = "<group>"; };
		8402B9F21E9F3252000CDFF7 /* AddressVC.m */ = {isa = PBXFileReference; fileEncoding = 4; lastKnownFileType = sourcecode.c.objc; path = AddressVC.m; sourceTree = "<group>"; };
		8402B9F41E9F3AF2000CDFF7 /* PersonModel.h */ = {isa = PBXFileReference; fileEncoding = 4; lastKnownFileType = sourcecode.c.h; path = PersonModel.h; sourceTree = "<group>"; };
		8402B9F51E9F3AF2000CDFF7 /* PersonModel.m */ = {isa = PBXFileReference; fileEncoding = 4; lastKnownFileType = sourcecode.c.objc; path = PersonModel.m; sourceTree = "<group>"; };
		840AB34E1E6E50DA00532231 /* WSIndexBanner.h */ = {isa = PBXFileReference; fileEncoding = 4; lastKnownFileType = sourcecode.c.h; path = WSIndexBanner.h; sourceTree = "<group>"; };
		840AB34F1E6E50DA00532231 /* WSIndexBanner.m */ = {isa = PBXFileReference; fileEncoding = 4; lastKnownFileType = sourcecode.c.objc; path = WSIndexBanner.m; sourceTree = "<group>"; };
		840AB3501E6E50DA00532231 /* WSPageView.h */ = {isa = PBXFileReference; fileEncoding = 4; lastKnownFileType = sourcecode.c.h; path = WSPageView.h; sourceTree = "<group>"; };
		840AB3511E6E50DA00532231 /* WSPageView.m */ = {isa = PBXFileReference; fileEncoding = 4; lastKnownFileType = sourcecode.c.objc; path = WSPageView.m; sourceTree = "<group>"; };
		840AB3561E6E660700532231 /* libxml2.tbd */ = {isa = PBXFileReference; lastKnownFileType = "sourcecode.text-based-dylib-definition"; name = libxml2.tbd; path = usr/lib/libxml2.tbd; sourceTree = SDKROOT; };
		840FE9521E6F9F3E0050C444 /* LoginViewController.h */ = {isa = PBXFileReference; fileEncoding = 4; lastKnownFileType = sourcecode.c.h; path = LoginViewController.h; sourceTree = "<group>"; };
		840FE9531E6F9F3E0050C444 /* LoginViewController.m */ = {isa = PBXFileReference; fileEncoding = 4; lastKnownFileType = sourcecode.c.objc; path = LoginViewController.m; sourceTree = "<group>"; };
		840FE9631E6FA18D0050C444 /* BottomLineView.h */ = {isa = PBXFileReference; fileEncoding = 4; lastKnownFileType = sourcecode.c.h; name = BottomLineView.h; path = OptionsBar/BottomLineView.h; sourceTree = "<group>"; };
		840FE9641E6FA18D0050C444 /* BottomLineView.m */ = {isa = PBXFileReference; fileEncoding = 4; lastKnownFileType = sourcecode.c.objc; name = BottomLineView.m; path = OptionsBar/BottomLineView.m; sourceTree = "<group>"; };
		840FE9651E6FA18D0050C444 /* OptionBarController.h */ = {isa = PBXFileReference; fileEncoding = 4; lastKnownFileType = sourcecode.c.h; name = OptionBarController.h; path = OptionsBar/OptionBarController.h; sourceTree = "<group>"; };
		840FE9661E6FA18D0050C444 /* OptionBarController.m */ = {isa = PBXFileReference; fileEncoding = 4; lastKnownFileType = sourcecode.c.objc; name = OptionBarController.m; path = OptionsBar/OptionBarController.m; sourceTree = "<group>"; };
		840FE9671E6FA18D0050C444 /* OptionsBarItem.h */ = {isa = PBXFileReference; fileEncoding = 4; lastKnownFileType = sourcecode.c.h; name = OptionsBarItem.h; path = OptionsBar/OptionsBarItem.h; sourceTree = "<group>"; };
		840FE9681E6FA18D0050C444 /* OptionsBarItem.m */ = {isa = PBXFileReference; fileEncoding = 4; lastKnownFileType = sourcecode.c.objc; name = OptionsBarItem.m; path = OptionsBar/OptionsBarItem.m; sourceTree = "<group>"; };
		840FE9691E6FA18D0050C444 /* OptionsBarView.h */ = {isa = PBXFileReference; fileEncoding = 4; lastKnownFileType = sourcecode.c.h; name = OptionsBarView.h; path = OptionsBar/OptionsBarView.h; sourceTree = "<group>"; };
		840FE96A1E6FA18D0050C444 /* OptionsBarView.m */ = {isa = PBXFileReference; fileEncoding = 4; lastKnownFileType = sourcecode.c.objc; name = OptionsBarView.m; path = OptionsBar/OptionsBarView.m; sourceTree = "<group>"; };
		840FE9791E6FA8570050C444 /* LandingDynamicViewControllerViewController.h */ = {isa = PBXFileReference; fileEncoding = 4; lastKnownFileType = sourcecode.c.h; path = LandingDynamicViewControllerViewController.h; sourceTree = "<group>"; };
		840FE97A1E6FA8570050C444 /* LandingDynamicViewControllerViewController.m */ = {isa = PBXFileReference; fileEncoding = 4; lastKnownFileType = sourcecode.c.objc; path = LandingDynamicViewControllerViewController.m; sourceTree = "<group>"; };
		840FE97C1E6FA88B0050C444 /* PasswordLandingViewViewController.h */ = {isa = PBXFileReference; fileEncoding = 4; lastKnownFileType = sourcecode.c.h; name = PasswordLandingViewViewController.h; path = Assets.xcassets/PasswordLandingViewViewController.h; sourceTree = "<group>"; };
		840FE97D1E6FA88B0050C444 /* PasswordLandingViewViewController.m */ = {isa = PBXFileReference; fileEncoding = 4; lastKnownFileType = sourcecode.c.objc; name = PasswordLandingViewViewController.m; path = Assets.xcassets/PasswordLandingViewViewController.m; sourceTree = "<group>"; };
		840FE97F1E6FCE430050C444 /* NetWorkManager.h */ = {isa = PBXFileReference; fileEncoding = 4; lastKnownFileType = sourcecode.c.h; path = NetWorkManager.h; sourceTree = "<group>"; };
		840FE9801E6FCE430050C444 /* NetWorkManager.m */ = {isa = PBXFileReference; fileEncoding = 4; lastKnownFileType = sourcecode.c.objc; path = NetWorkManager.m; sourceTree = "<group>"; };
		840FE9811E6FCE430050C444 /* NetWorkUtil.h */ = {isa = PBXFileReference; fileEncoding = 4; lastKnownFileType = sourcecode.c.h; path = NetWorkUtil.h; sourceTree = "<group>"; };
		840FE9821E6FCE430050C444 /* NetWorkUtil.m */ = {isa = PBXFileReference; fileEncoding = 4; lastKnownFileType = sourcecode.c.objc; path = NetWorkUtil.m; sourceTree = "<group>"; };
		840FE9861E6FCFEE0050C444 /* MessageAlertView.h */ = {isa = PBXFileReference; fileEncoding = 4; lastKnownFileType = sourcecode.c.h; path = MessageAlertView.h; sourceTree = "<group>"; };
		840FE9871E6FCFEE0050C444 /* MessageAlertView.m */ = {isa = PBXFileReference; fileEncoding = 4; lastKnownFileType = sourcecode.c.objc; path = MessageAlertView.m; sourceTree = "<group>"; };
		840FE98B1E6FD0CE0050C444 /* Serve.h */ = {isa = PBXFileReference; lastKnownFileType = sourcecode.c.h; path = Serve.h; sourceTree = "<group>"; };
		840FE98C1E6FD2650050C444 /* UtilTools.h */ = {isa = PBXFileReference; fileEncoding = 4; lastKnownFileType = sourcecode.c.h; path = UtilTools.h; sourceTree = "<group>"; };
		840FE98D1E6FD2650050C444 /* UtilTools.m */ = {isa = PBXFileReference; fileEncoding = 4; lastKnownFileType = sourcecode.c.objc; path = UtilTools.m; sourceTree = "<group>"; };
		840FE98F1E6FDCCA0050C444 /* ProductModel.h */ = {isa = PBXFileReference; fileEncoding = 4; lastKnownFileType = sourcecode.c.h; path = ProductModel.h; sourceTree = "<group>"; };
		840FE9901E6FDCCA0050C444 /* ProductModel.m */ = {isa = PBXFileReference; fileEncoding = 4; lastKnownFileType = sourcecode.c.objc; path = ProductModel.m; sourceTree = "<group>"; };
		840FE9921E6FF3900050C444 /* WebVC.h */ = {isa = PBXFileReference; fileEncoding = 4; lastKnownFileType = sourcecode.c.h; path = WebVC.h; sourceTree = "<group>"; };
		840FE9931E6FF3900050C444 /* WebVC.m */ = {isa = PBXFileReference; fileEncoding = 4; lastKnownFileType = sourcecode.c.objc; path = WebVC.m; sourceTree = "<group>"; };
		840FE9981E6FFEA10050C444 /* JishiyuTableViewCell.h */ = {isa = PBXFileReference; fileEncoding = 4; lastKnownFileType = sourcecode.c.h; path = JishiyuTableViewCell.h; sourceTree = "<group>"; };
		840FE9991E6FFEA10050C444 /* JishiyuTableViewCell.m */ = {isa = PBXFileReference; fileEncoding = 4; lastKnownFileType = sourcecode.c.objc; path = JishiyuTableViewCell.m; sourceTree = "<group>"; };
		841224251E6D480300048188 /* jishi.app */ = {isa = PBXFileReference; explicitFileType = wrapper.application; includeInIndex = 0; path = jishi.app; sourceTree = BUILT_PRODUCTS_DIR; };
		841224291E6D480300048188 /* main.m */ = {isa = PBXFileReference; lastKnownFileType = sourcecode.c.objc; path = main.m; sourceTree = "<group>"; };
		8412242B1E6D480300048188 /* AppDelegate.h */ = {isa = PBXFileReference; lastKnownFileType = sourcecode.c.h; path = AppDelegate.h; sourceTree = "<group>"; };
		8412242C1E6D480300048188 /* AppDelegate.m */ = {isa = PBXFileReference; lastKnownFileType = sourcecode.c.objc; path = AppDelegate.m; sourceTree = "<group>"; };
		8412242E1E6D480300048188 /* ViewController.h */ = {isa = PBXFileReference; lastKnownFileType = sourcecode.c.h; path = ViewController.h; sourceTree = "<group>"; };
		8412242F1E6D480300048188 /* ViewController.m */ = {isa = PBXFileReference; lastKnownFileType = sourcecode.c.objc; path = ViewController.m; sourceTree = "<group>"; };
		841224321E6D480300048188 /* Base */ = {isa = PBXFileReference; lastKnownFileType = file.storyboard; name = Base; path = Base.lproj/Main.storyboard; sourceTree = "<group>"; };
		841224371E6D480300048188 /* Base */ = {isa = PBXFileReference; lastKnownFileType = file.storyboard; name = Base; path = Base.lproj/LaunchScreen.storyboard; sourceTree = "<group>"; };
		841224391E6D480300048188 /* Info.plist */ = {isa = PBXFileReference; lastKnownFileType = text.plist.xml; path = Info.plist; sourceTree = "<group>"; };
		8412243E1E6D480300048188 /* jishiTests.xctest */ = {isa = PBXFileReference; explicitFileType = wrapper.cfbundle; includeInIndex = 0; path = jishiTests.xctest; sourceTree = BUILT_PRODUCTS_DIR; };
		841224421E6D480300048188 /* jishiTests.m */ = {isa = PBXFileReference; lastKnownFileType = sourcecode.c.objc; path = jishiTests.m; sourceTree = "<group>"; };
		841224441E6D480300048188 /* Info.plist */ = {isa = PBXFileReference; lastKnownFileType = text.plist.xml; path = Info.plist; sourceTree = "<group>"; };
		841224491E6D480300048188 /* jishiUITests.xctest */ = {isa = PBXFileReference; explicitFileType = wrapper.cfbundle; includeInIndex = 0; path = jishiUITests.xctest; sourceTree = BUILT_PRODUCTS_DIR; };
		8412244D1E6D480300048188 /* jishiUITests.m */ = {isa = PBXFileReference; lastKnownFileType = sourcecode.c.objc; path = jishiUITests.m; sourceTree = "<group>"; };
		8412244F1E6D480300048188 /* Info.plist */ = {isa = PBXFileReference; lastKnownFileType = text.plist.xml; path = Info.plist; sourceTree = "<group>"; };
		8412245B1E6D48B700048188 /* Public.h */ = {isa = PBXFileReference; lastKnownFileType = sourcecode.c.h; path = Public.h; sourceTree = "<group>"; };
		8412245C1E6D490100048188 /* JishiyuViewController.h */ = {isa = PBXFileReference; fileEncoding = 4; lastKnownFileType = sourcecode.c.h; path = JishiyuViewController.h; sourceTree = "<group>"; };
		8412245D1E6D490100048188 /* JishiyuViewController.m */ = {isa = PBXFileReference; fileEncoding = 4; lastKnownFileType = sourcecode.c.objc; path = JishiyuViewController.m; sourceTree = "<group>"; };
		8412245E1E6D490100048188 /* DaikuanViewController.h */ = {isa = PBXFileReference; fileEncoding = 4; lastKnownFileType = sourcecode.c.h; path = DaikuanViewController.h; sourceTree = "<group>"; };
		8412245F1E6D490100048188 /* DaikuanViewController.m */ = {isa = PBXFileReference; fileEncoding = 4; lastKnownFileType = sourcecode.c.objc; path = DaikuanViewController.m; sourceTree = "<group>"; };
		841224621E6D490100048188 /* MineViewController.h */ = {isa = PBXFileReference; fileEncoding = 4; lastKnownFileType = sourcecode.c.h; path = MineViewController.h; sourceTree = "<group>"; };
		841224631E6D490100048188 /* MineViewController.m */ = {isa = PBXFileReference; fileEncoding = 4; lastKnownFileType = sourcecode.c.objc; path = MineViewController.m; sourceTree = "<group>"; };
		841224781E6D4B2E00048188 /* PrefixHeader.pch */ = {isa = PBXFileReference; lastKnownFileType = sourcecode.c.h; path = PrefixHeader.pch; sourceTree = "<group>"; };
		8419CA2F1E72393900EAE23C /* JishiyuDetailsViewController.h */ = {isa = PBXFileReference; fileEncoding = 4; lastKnownFileType = sourcecode.c.h; path = JishiyuDetailsViewController.h; sourceTree = "<group>"; };
		8419CA301E72393900EAE23C /* JishiyuDetailsViewController.m */ = {isa = PBXFileReference; fileEncoding = 4; lastKnownFileType = sourcecode.c.objc; path = JishiyuDetailsViewController.m; sourceTree = "<group>"; };
		8419CA3C1E729C4B00EAE23C /* YTUITextField.h */ = {isa = PBXFileReference; fileEncoding = 4; lastKnownFileType = sourcecode.c.h; path = YTUITextField.h; sourceTree = "<group>"; };
		8419CA3D1E729C4B00EAE23C /* YTUITextField.m */ = {isa = PBXFileReference; fileEncoding = 4; lastKnownFileType = sourcecode.c.objc; path = YTUITextField.m; sourceTree = "<group>"; };
		8419CA3E1E729C4B00EAE23C /* YTUIToolbar.h */ = {isa = PBXFileReference; fileEncoding = 4; lastKnownFileType = sourcecode.c.h; path = YTUIToolbar.h; sourceTree = "<group>"; };
		8419CA3F1E729C4B00EAE23C /* YTUIToolbar.m */ = {isa = PBXFileReference; fileEncoding = 4; lastKnownFileType = sourcecode.c.objc; path = YTUIToolbar.m; sourceTree = "<group>"; };
		84361FD71EB1BD4E008595E7 /* CarkClickViewController.h */ = {isa = PBXFileReference; fileEncoding = 4; lastKnownFileType = sourcecode.c.h; path = CarkClickViewController.h; sourceTree = "<group>"; };
		84361FD81EB1BD4E008595E7 /* CarkClickViewController.m */ = {isa = PBXFileReference; fileEncoding = 4; lastKnownFileType = sourcecode.c.objc; path = CarkClickViewController.m; sourceTree = "<group>"; };
		8442AAB31E8B8B7A00655887 /* AmountClassificationViewController.h */ = {isa = PBXFileReference; fileEncoding = 4; lastKnownFileType = sourcecode.c.h; path = AmountClassificationViewController.h; sourceTree = "<group>"; };
		8442AAB41E8B8B7A00655887 /* AmountClassificationViewController.m */ = {isa = PBXFileReference; fileEncoding = 4; lastKnownFileType = sourcecode.c.objc; path = AmountClassificationViewController.m; sourceTree = "<group>"; };
		8442AAB61E8B8F4200655887 /* SetupViewController.h */ = {isa = PBXFileReference; fileEncoding = 4; lastKnownFileType = sourcecode.c.h; path = SetupViewController.h; sourceTree = "<group>"; };
		8442AAB71E8B8F4200655887 /* SetupViewController.m */ = {isa = PBXFileReference; fileEncoding = 4; lastKnownFileType = sourcecode.c.objc; path = SetupViewController.m; sourceTree = "<group>"; };
		8442AAB91E8B992600655887 /* AboutUsViewController.h */ = {isa = PBXFileReference; fileEncoding = 4; lastKnownFileType = sourcecode.c.h; path = AboutUsViewController.h; sourceTree = "<group>"; };
		8442AABA1E8B992600655887 /* AboutUsViewController.m */ = {isa = PBXFileReference; fileEncoding = 4; lastKnownFileType = sourcecode.c.objc; path = AboutUsViewController.m; sourceTree = "<group>"; };
		8442AABF1E8BAC1C00655887 /* AmountTableViewCell.h */ = {isa = PBXFileReference; fileEncoding = 4; lastKnownFileType = sourcecode.c.h; path = AmountTableViewCell.h; sourceTree = "<group>"; };
		8442AAC01E8BAC1C00655887 /* AmountTableViewCell.m */ = {isa = PBXFileReference; fileEncoding = 4; lastKnownFileType = sourcecode.c.objc; path = AmountTableViewCell.m; sourceTree = "<group>"; };
		844B8FF41E766ABF007C3207 /* ForgotPasswordVC.h */ = {isa = PBXFileReference; fileEncoding = 4; lastKnownFileType = sourcecode.c.h; path = ForgotPasswordVC.h; sourceTree = "<group>"; };
		844B8FF51E766ABF007C3207 /* ForgotPasswordVC.m */ = {isa = PBXFileReference; fileEncoding = 4; lastKnownFileType = sourcecode.c.objc; path = ForgotPasswordVC.m; sourceTree = "<group>"; };
		844B8FF71E769275007C3207 /* DaikuanTableViewCell.h */ = {isa = PBXFileReference; fileEncoding = 4; lastKnownFileType = sourcecode.c.h; path = DaikuanTableViewCell.h; sourceTree = "<group>"; };
		844B8FF81E769275007C3207 /* DaikuanTableViewCell.m */ = {isa = PBXFileReference; fileEncoding = 4; lastKnownFileType = sourcecode.c.objc; path = DaikuanTableViewCell.m; sourceTree = "<group>"; };
		8451AFC11EA89842002F04B6 /* ShareFriendsViewController.h */ = {isa = PBXFileReference; fileEncoding = 4; lastKnownFileType = sourcecode.c.h; path = ShareFriendsViewController.h; sourceTree = "<group>"; };
		8451AFC21EA89842002F04B6 /* ShareFriendsViewController.m */ = {isa = PBXFileReference; fileEncoding = 4; lastKnownFileType = sourcecode.c.objc; path = ShareFriendsViewController.m; sourceTree = "<group>"; };
		84546F4C1EA5F37C00AD0350 /* FastHandleCardCollectionViewCell.h */ = {isa = PBXFileReference; fileEncoding = 4; lastKnownFileType = sourcecode.c.h; path = FastHandleCardCollectionViewCell.h; sourceTree = "<group>"; };
		84546F4D1EA5F37C00AD0350 /* FastHandleCardCollectionViewCell.m */ = {isa = PBXFileReference; fileEncoding = 4; lastKnownFileType = sourcecode.c.objc; path = FastHandleCardCollectionViewCell.m; sourceTree = "<group>"; };
		84546F4E1EA5F37C00AD0350 /* FastHandleCardViewController.h */ = {isa = PBXFileReference; fileEncoding = 4; lastKnownFileType = sourcecode.c.h; path = FastHandleCardViewController.h; sourceTree = "<group>"; };
		84546F4F1EA5F37C00AD0350 /* FastHandleCardViewController.m */ = {isa = PBXFileReference; fileEncoding = 4; lastKnownFileType = sourcecode.c.objc; path = FastHandleCardViewController.m; sourceTree = "<group>"; };
		84546F521EA5FECC00AD0350 /* Assets.xcassets */ = {isa = PBXFileReference; lastKnownFileType = folder.assetcatalog; path = Assets.xcassets; sourceTree = "<group>"; };
		847199D51E778F2E0026F585 /* LoanClassification.h */ = {isa = PBXFileReference; fileEncoding = 4; lastKnownFileType = sourcecode.c.h; path = LoanClassification.h; sourceTree = "<group>"; };
		847199D61E778F2E0026F585 /* LoanClassification.m */ = {isa = PBXFileReference; fileEncoding = 4; lastKnownFileType = sourcecode.c.objc; path = LoanClassification.m; sourceTree = "<group>"; };
		847199D81E779E9F0026F585 /* LoanClasssificationVC.h */ = {isa = PBXFileReference; fileEncoding = 4; lastKnownFileType = sourcecode.c.h; path = LoanClasssificationVC.h; sourceTree = "<group>"; };
		847199D91E779E9F0026F585 /* LoanClasssificationVC.m */ = {isa = PBXFileReference; fileEncoding = 4; lastKnownFileType = sourcecode.c.objc; path = LoanClasssificationVC.m; sourceTree = "<group>"; };
		847199DB1E77C92B0026F585 /* User.h */ = {isa = PBXFileReference; fileEncoding = 4; lastKnownFileType = sourcecode.c.h; path = User.h; sourceTree = "<group>"; };
		847199DC1E77C92B0026F585 /* User.m */ = {isa = PBXFileReference; fileEncoding = 4; lastKnownFileType = sourcecode.c.objc; path = User.m; sourceTree = "<group>"; };
		847199DE1E77CA410026F585 /* UserInfoContext.h */ = {isa = PBXFileReference; fileEncoding = 4; lastKnownFileType = sourcecode.c.h; path = UserInfoContext.h; sourceTree = "<group>"; };
		847199DF1E77CA410026F585 /* UserInfoContext.m */ = {isa = PBXFileReference; fileEncoding = 4; lastKnownFileType = sourcecode.c.objc; path = UserInfoContext.m; sourceTree = "<group>"; };
		84A7333A1EB86C07008ABB7E /* AddressBookVC.h */ = {isa = PBXFileReference; fileEncoding = 4; lastKnownFileType = sourcecode.c.h; name = AddressBookVC.h; path = Addressbook/AddressBookVC.h; sourceTree = "<group>"; };
		84A7333B1EB86C07008ABB7E /* AddressBookVC.m */ = {isa = PBXFileReference; fileEncoding = 4; lastKnownFileType = sourcecode.c.objc; name = AddressBookVC.m; path = Addressbook/AddressBookVC.m; sourceTree = "<group>"; };
		84A7333C1EB86C07008ABB7E /* CDFInitialsAvatar.h */ = {isa = PBXFileReference; fileEncoding = 4; lastKnownFileType = sourcecode.c.h; name = CDFInitialsAvatar.h; path = Addressbook/CDFInitialsAvatar.h; sourceTree = "<group>"; };
		84A7333D1EB86C07008ABB7E /* CDFInitialsAvatar.m */ = {isa = PBXFileReference; fileEncoding = 4; lastKnownFileType = sourcecode.c.objc; name = CDFInitialsAvatar.m; path = Addressbook/CDFInitialsAvatar.m; sourceTree = "<group>"; };
		84A7333E1EB86C07008ABB7E /* NSString+TKUtilities.h */ = {isa = PBXFileReference; fileEncoding = 4; lastKnownFileType = sourcecode.c.h; name = "NSString+TKUtilities.h"; path = "Addressbook/NSString+TKUtilities.h"; sourceTree = "<group>"; };
		84A7333F1EB86C07008ABB7E /* NSString+TKUtilities.m */ = {isa = PBXFileReference; fileEncoding = 4; lastKnownFileType = sourcecode.c.objc; name = "NSString+TKUtilities.m"; path = "Addressbook/NSString+TKUtilities.m"; sourceTree = "<group>"; };
		84A733401EB86C07008ABB7E /* PersonCell.h */ = {isa = PBXFileReference; fileEncoding = 4; lastKnownFileType = sourcecode.c.h; name = PersonCell.h; path = Addressbook/PersonCell.h; sourceTree = "<group>"; };
		84A733411EB86C07008ABB7E /* PersonCell.m */ = {isa = PBXFileReference; fileEncoding = 4; lastKnownFileType = sourcecode.c.objc; name = PersonCell.m; path = Addressbook/PersonCell.m; sourceTree = "<group>"; };
		84A733421EB86C07008ABB7E /* XHJAddressBook.h */ = {isa = PBXFileReference; fileEncoding = 4; lastKnownFileType = sourcecode.c.h; name = XHJAddressBook.h; path = Addressbook/XHJAddressBook.h; sourceTree = "<group>"; };
		84A733431EB86C07008ABB7E /* XHJAddressBook.m */ = {isa = PBXFileReference; fileEncoding = 4; lastKnownFileType = sourcecode.c.objc; name = XHJAddressBook.m; path = Addressbook/XHJAddressBook.m; sourceTree = "<group>"; };
		84B4779A1E8C9EE600DDF4AB /* LoanClickViewController.h */ = {isa = PBXFileReference; fileEncoding = 4; lastKnownFileType = sourcecode.c.h; path = LoanClickViewController.h; sourceTree = "<group>"; };
		84B4779B1E8C9EE600DDF4AB /* LoanClickViewController.m */ = {isa = PBXFileReference; fileEncoding = 4; lastKnownFileType = sourcecode.c.objc; path = LoanClickViewController.m; sourceTree = "<group>"; };
		84B4779D1E8CB30A00DDF4AB /* BusinessViewController.h */ = {isa = PBXFileReference; fileEncoding = 4; lastKnownFileType = sourcecode.c.h; path = BusinessViewController.h; sourceTree = "<group>"; };
		84B4779E1E8CB30A00DDF4AB /* BusinessViewController.m */ = {isa = PBXFileReference; fileEncoding = 4; lastKnownFileType = sourcecode.c.objc; path = BusinessViewController.m; sourceTree = "<group>"; };
		84B9DC1C1E9DCCB10066A92D /* BaseNC.h */ = {isa = PBXFileReference; fileEncoding = 4; lastKnownFileType = sourcecode.c.h; name = BaseNC.h; path = Base/BaseNC.h; sourceTree = "<group>"; };
		84B9DC1D1E9DCCB10066A92D /* BaseNC.m */ = {isa = PBXFileReference; fileEncoding = 4; lastKnownFileType = sourcecode.c.objc; name = BaseNC.m; path = Base/BaseNC.m; sourceTree = "<group>"; };
		84B9DC1E1E9DCCB10066A92D /* BaseVC.h */ = {isa = PBXFileReference; fileEncoding = 4; lastKnownFileType = sourcecode.c.h; name = BaseVC.h; path = Base/BaseVC.h; sourceTree = "<group>"; };
		84B9DC1F1E9DCCB10066A92D /* BaseVC.m */ = {isa = PBXFileReference; fileEncoding = 4; lastKnownFileType = sourcecode.c.objc; name = BaseVC.m; path = Base/BaseVC.m; sourceTree = "<group>"; };
		84B9DC201E9DCCB10066A92D /* GestureBaseVC.h */ = {isa = PBXFileReference; fileEncoding = 4; lastKnownFileType = sourcecode.c.h; name = GestureBaseVC.h; path = Base/GestureBaseVC.h; sourceTree = "<group>"; };
		84B9DC211E9DCCB10066A92D /* GestureBaseVC.m */ = {isa = PBXFileReference; fileEncoding = 4; lastKnownFileType = sourcecode.c.objc; name = GestureBaseVC.m; path = Base/GestureBaseVC.m; sourceTree = "<group>"; };
		84B9DC221E9DCCB10066A92D /* GestureNavBaseVC.h */ = {isa = PBXFileReference; fileEncoding = 4; lastKnownFileType = sourcecode.c.h; name = GestureNavBaseVC.h; path = Base/GestureNavBaseVC.h; sourceTree = "<group>"; };
		84B9DC231E9DCCB10066A92D /* GestureNavBaseVC.m */ = {isa = PBXFileReference; fileEncoding = 4; lastKnownFileType = sourcecode.c.objc; name = GestureNavBaseVC.m; path = Base/GestureNavBaseVC.m; sourceTree = "<group>"; };
		84B9DC241E9DCCB10066A92D /* NavBaseVC.h */ = {isa = PBXFileReference; fileEncoding = 4; lastKnownFileType = sourcecode.c.h; name = NavBaseVC.h; path = Base/NavBaseVC.h; sourceTree = "<group>"; };
		84B9DC251E9DCCB10066A92D /* NavBaseVC.m */ = {isa = PBXFileReference; fileEncoding = 4; lastKnownFileType = sourcecode.c.objc; name = NavBaseVC.m; path = Base/NavBaseVC.m; sourceTree = "<group>"; };
		84FF81371E7155EE0096AE87 /* RegisterVC.h */ = {isa = PBXFileReference; fileEncoding = 4; lastKnownFileType = sourcecode.c.h; path = RegisterVC.h; sourceTree = "<group>"; };
		84FF81381E7155EE0096AE87 /* RegisterVC.m */ = {isa = PBXFileReference; fileEncoding = 4; lastKnownFileType = sourcecode.c.objc; path = RegisterVC.m; sourceTree = "<group>"; };
		FF093DB6F47C31EC084AE4D6 /* Pods-jishi.ad hoc distribution.xcconfig */ = {isa = PBXFileReference; includeInIndex = 1; lastKnownFileType = text.xcconfig; name = "Pods-jishi.ad hoc distribution.xcconfig"; path = "Pods/Target Support Files/Pods-jishi/Pods-jishi.ad hoc distribution.xcconfig"; sourceTree = "<group>"; };
/* End PBXFileReference section */

/* Begin PBXFrameworksBuildPhase section */
		841224221E6D480300048188 /* Frameworks */ = {
			isa = PBXFrameworksBuildPhase;
			buildActionMask = 2147483647;
			files = (
				840AB3571E6E660700532231 /* libxml2.tbd in Frameworks */,
				33C4545660AC4EFE8DFC2306 /* libPods-jishi.a in Frameworks */,
			);
			runOnlyForDeploymentPostprocessing = 0;
		};
		8412243B1E6D480300048188 /* Frameworks */ = {
			isa = PBXFrameworksBuildPhase;
			buildActionMask = 2147483647;
			files = (
			);
			runOnlyForDeploymentPostprocessing = 0;
		};
		841224461E6D480300048188 /* Frameworks */ = {
			isa = PBXFrameworksBuildPhase;
			buildActionMask = 2147483647;
			files = (
			);
			runOnlyForDeploymentPostprocessing = 0;
		};
/* End PBXFrameworksBuildPhase section */

/* Begin PBXGroup section */
		8402B9F01E9F322C000CDFF7 /* AddressBook */ = {
			isa = PBXGroup;
			children = (
				84A7333A1EB86C07008ABB7E /* AddressBookVC.h */,
				84A7333B1EB86C07008ABB7E /* AddressBookVC.m */,
				84A7333C1EB86C07008ABB7E /* CDFInitialsAvatar.h */,
				84A7333D1EB86C07008ABB7E /* CDFInitialsAvatar.m */,
				84A7333E1EB86C07008ABB7E /* NSString+TKUtilities.h */,
				84A7333F1EB86C07008ABB7E /* NSString+TKUtilities.m */,
				84A733401EB86C07008ABB7E /* PersonCell.h */,
				84A733411EB86C07008ABB7E /* PersonCell.m */,
				84A733421EB86C07008ABB7E /* XHJAddressBook.h */,
				84A733431EB86C07008ABB7E /* XHJAddressBook.m */,
			);
			name = AddressBook;
			sourceTree = "<group>";
		};
		840AB3541E6E599600532231 /* 第三方轮播 */ = {
			isa = PBXGroup;
			children = (
				840AB34E1E6E50DA00532231 /* WSIndexBanner.h */,
				840AB34F1E6E50DA00532231 /* WSIndexBanner.m */,
				840AB3501E6E50DA00532231 /* WSPageView.h */,
				840AB3511E6E50DA00532231 /* WSPageView.m */,
			);
			name = "第三方轮播";
			sourceTree = "<group>";
		};
		840AB3551E6E660700532231 /* Frameworks */ = {
			isa = PBXGroup;
			children = (
				840AB3561E6E660700532231 /* libxml2.tbd */,
				0377890239EBC83944115186 /* libPods-jishi.a */,
			);
			name = Frameworks;
			sourceTree = "<group>";
		};
		840FE96F1E6FA1B50050C444 /* OptionsBar */ = {
			isa = PBXGroup;
			children = (
				840FE9631E6FA18D0050C444 /* BottomLineView.h */,
				840FE9641E6FA18D0050C444 /* BottomLineView.m */,
				840FE9651E6FA18D0050C444 /* OptionBarController.h */,
				840FE9661E6FA18D0050C444 /* OptionBarController.m */,
				840FE9671E6FA18D0050C444 /* OptionsBarItem.h */,
				840FE9681E6FA18D0050C444 /* OptionsBarItem.m */,
				840FE9691E6FA18D0050C444 /* OptionsBarView.h */,
				840FE96A1E6FA18D0050C444 /* OptionsBarView.m */,
			);
			name = OptionsBar;
			sourceTree = "<group>";
		};
		840FE9851E6FCE480050C444 /* NetWork */ = {
			isa = PBXGroup;
			children = (
				840FE97F1E6FCE430050C444 /* NetWorkManager.h */,
				840FE9801E6FCE430050C444 /* NetWorkManager.m */,
				840FE9811E6FCE430050C444 /* NetWorkUtil.h */,
				840FE9821E6FCE430050C444 /* NetWorkUtil.m */,
			);
			name = NetWork;
			sourceTree = "<group>";
		};
		840FE9891E6FCFF50050C444 /* Utils */ = {
			isa = PBXGroup;
			children = (
				840FE98C1E6FD2650050C444 /* UtilTools.h */,
				840FE98D1E6FD2650050C444 /* UtilTools.m */,
				840FE9921E6FF3900050C444 /* WebVC.h */,
				840FE9931E6FF3900050C444 /* WebVC.m */,
				8419CA3C1E729C4B00EAE23C /* YTUITextField.h */,
				8419CA3D1E729C4B00EAE23C /* YTUITextField.m */,
				847199DB1E77C92B0026F585 /* User.h */,
				847199DC1E77C92B0026F585 /* User.m */,
				847199DE1E77CA410026F585 /* UserInfoContext.h */,
				847199DF1E77CA410026F585 /* UserInfoContext.m */,
				8419CA3E1E729C4B00EAE23C /* YTUIToolbar.h */,
				8419CA3F1E729C4B00EAE23C /* YTUIToolbar.m */,
				840FE98A1E6FD0080050C444 /* MessageAlertView */,
			);
			name = Utils;
			sourceTree = "<group>";
		};
		840FE98A1E6FD0080050C444 /* MessageAlertView */ = {
			isa = PBXGroup;
			children = (
				840FE9861E6FCFEE0050C444 /* MessageAlertView.h */,
				840FE9871E6FCFEE0050C444 /* MessageAlertView.m */,
			);
			name = MessageAlertView;
			sourceTree = "<group>";
		};
		840FE99B1E7006990050C444 /* JishiyuHomepage */ = {
			isa = PBXGroup;
			children = (
				84C06F351E8FA6AE00038420 /* Model */,
				84C06F361E8FA6BD00038420 /* Controller */,
				84C06F371E8FA6F800038420 /* View */,
			);
			name = JishiyuHomepage;
			sourceTree = "<group>";
		};
		8412241C1E6D480300048188 = {
			isa = PBXGroup;
			children = (
				841224271E6D480300048188 /* jishi */,
				841224411E6D480300048188 /* jishiTests */,
				8412244C1E6D480300048188 /* jishiUITests */,
				841224261E6D480300048188 /* Products */,
				840AB3551E6E660700532231 /* Frameworks */,
				B44CCE24FD159563128AB5DA /* Pods */,
			);
			sourceTree = "<group>";
		};
		841224261E6D480300048188 /* Products */ = {
			isa = PBXGroup;
			children = (
				841224251E6D480300048188 /* jishi.app */,
				8412243E1E6D480300048188 /* jishiTests.xctest */,
				841224491E6D480300048188 /* jishiUITests.xctest */,
			);
			name = Products;
			sourceTree = "<group>";
		};
		841224271E6D480300048188 /* jishi */ = {
			isa = PBXGroup;
			children = (
				84C06F341E8FA61A00038420 /* Appdelegate */,
				840FE9891E6FCFF50050C444 /* Utils */,
				840FE9851E6FCE480050C444 /* NetWork */,
				840AB3541E6E599600532231 /* 第三方轮播 */,
				841224771E6D49E500048188 /* Base */,
				840FE99B1E7006990050C444 /* JishiyuHomepage */,
				84C06F331E8FA5EE00038420 /* daikuan */,
				84FF81321E70F7E50096AE87 /* Login */,
				84FF81331E7145300096AE87 /* Register */,
				844B8FF31E766A64007C3207 /* ForgotpasswordVC */,
				840FE96F1E6FA1B50050C444 /* OptionsBar */,
				84546F4B1EA5F36700AD0350 /* FastHandle */,
				841224281E6D480300048188 /* Supporting Files */,
			);
			path = jishi;
			sourceTree = "<group>";
		};
		841224281E6D480300048188 /* Supporting Files */ = {
			isa = PBXGroup;
			children = (
				8412245B1E6D48B700048188 /* Public.h */,
				840FE98B1E6FD0CE0050C444 /* Serve.h */,
				841224781E6D4B2E00048188 /* PrefixHeader.pch */,
				841224291E6D480300048188 /* main.m */,
			);
			name = "Supporting Files";
			sourceTree = "<group>";
		};
		841224411E6D480300048188 /* jishiTests */ = {
			isa = PBXGroup;
			children = (
				841224421E6D480300048188 /* jishiTests.m */,
				841224441E6D480300048188 /* Info.plist */,
			);
			path = jishiTests;
			sourceTree = "<group>";
		};
		8412244C1E6D480300048188 /* jishiUITests */ = {
			isa = PBXGroup;
			children = (
				8412244D1E6D480300048188 /* jishiUITests.m */,
				8412244F1E6D480300048188 /* Info.plist */,
			);
			path = jishiUITests;
			sourceTree = "<group>";
		};
		841224771E6D49E500048188 /* Base */ = {
			isa = PBXGroup;
			children = (
				84B9DC1C1E9DCCB10066A92D /* BaseNC.h */,
				84B9DC1D1E9DCCB10066A92D /* BaseNC.m */,
				84B9DC1E1E9DCCB10066A92D /* BaseVC.h */,
				84B9DC1F1E9DCCB10066A92D /* BaseVC.m */,
				84B9DC201E9DCCB10066A92D /* GestureBaseVC.h */,
				84B9DC211E9DCCB10066A92D /* GestureBaseVC.m */,
				84B9DC221E9DCCB10066A92D /* GestureNavBaseVC.h */,
				84B9DC231E9DCCB10066A92D /* GestureNavBaseVC.m */,
				84B9DC241E9DCCB10066A92D /* NavBaseVC.h */,
				84B9DC251E9DCCB10066A92D /* NavBaseVC.m */,
			);
			name = Base;
			sourceTree = "<group>";
		};
		844B8FF31E766A64007C3207 /* ForgotpasswordVC */ = {
			isa = PBXGroup;
			children = (
				844B8FF41E766ABF007C3207 /* ForgotPasswordVC.h */,
				844B8FF51E766ABF007C3207 /* ForgotPasswordVC.m */,
			);
			name = ForgotpasswordVC;
			sourceTree = "<group>";
		};
		8451AFC01EA8963D002F04B6 /* RegistereForFriend */ = {
			isa = PBXGroup;
			children = (
				8402B9DE1E9F2917000CDFF7 /* InviteFriendsViewController.h */,
				8402B9DF1E9F2917000CDFF7 /* InviteFriendsViewController.m */,
				8402B9F21E9F3252000CDFF7 /* AddressVC.m */,
				8402B9F11E9F3252000CDFF7 /* AddressVC.h */,
				8402B9F41E9F3AF2000CDFF7 /* PersonModel.h */,
				8402B9F51E9F3AF2000CDFF7 /* PersonModel.m */,
				8402B9F01E9F322C000CDFF7 /* AddressBook */,
			);
			name = RegistereForFriend;
			sourceTree = "<group>";
		};
		84546F4B1EA5F36700AD0350 /* FastHandle */ = {
			isa = PBXGroup;
			children = (
				84546F4C1EA5F37C00AD0350 /* FastHandleCardCollectionViewCell.h */,
				84546F4D1EA5F37C00AD0350 /* FastHandleCardCollectionViewCell.m */,
				84546F4E1EA5F37C00AD0350 /* FastHandleCardViewController.h */,
				84546F4F1EA5F37C00AD0350 /* FastHandleCardViewController.m */,
				84361FD71EB1BD4E008595E7 /* CarkClickViewController.h */,
				84361FD81EB1BD4E008595E7 /* CarkClickViewController.m */,
			);
			name = FastHandle;
			sourceTree = "<group>";
		};
		84C06F331E8FA5EE00038420 /* daikuan */ = {
			isa = PBXGroup;
			children = (
				8412245E1E6D490100048188 /* DaikuanViewController.h */,
				8412245F1E6D490100048188 /* DaikuanViewController.m */,
				844B8FF71E769275007C3207 /* DaikuanTableViewCell.h */,
				844B8FF81E769275007C3207 /* DaikuanTableViewCell.m */,
			);
			name = daikuan;
			sourceTree = "<group>";
		};
		84C06F341E8FA61A00038420 /* Appdelegate */ = {
			isa = PBXGroup;
			children = (
				8412242B1E6D480300048188 /* AppDelegate.h */,
				8412242C1E6D480300048188 /* AppDelegate.m */,
				84546F521EA5FECC00AD0350 /* Assets.xcassets */,
				841224311E6D480300048188 /* Main.storyboard */,
				841224361E6D480300048188 /* LaunchScreen.storyboard */,
				841224391E6D480300048188 /* Info.plist */,
				8412242E1E6D480300048188 /* ViewController.h */,
				8412242F1E6D480300048188 /* ViewController.m */,
			);
			name = Appdelegate;
			sourceTree = "<group>";
		};
		84C06F351E8FA6AE00038420 /* Model */ = {
			isa = PBXGroup;
			children = (
				840FE98F1E6FDCCA0050C444 /* ProductModel.h */,
				840FE9901E6FDCCA0050C444 /* ProductModel.m */,
			);
			name = Model;
			sourceTree = "<group>";
		};
		84C06F361E8FA6BD00038420 /* Controller */ = {
			isa = PBXGroup;
			children = (
				8442AAB31E8B8B7A00655887 /* AmountClassificationViewController.h */,
				8442AAB41E8B8B7A00655887 /* AmountClassificationViewController.m */,
				84B4779A1E8C9EE600DDF4AB /* LoanClickViewController.h */,
				84B4779B1E8C9EE600DDF4AB /* LoanClickViewController.m */,
				847199D81E779E9F0026F585 /* LoanClasssificationVC.h */,
				847199D91E779E9F0026F585 /* LoanClasssificationVC.m */,
				8419CA2F1E72393900EAE23C /* JishiyuDetailsViewController.h */,
				8419CA301E72393900EAE23C /* JishiyuDetailsViewController.m */,
				8412245C1E6D490100048188 /* JishiyuViewController.h */,
				8412245D1E6D490100048188 /* JishiyuViewController.m */,
			);
			name = Controller;
			sourceTree = "<group>";
		};
		84C06F371E8FA6F800038420 /* View */ = {
			isa = PBXGroup;
			children = (
				847199D51E778F2E0026F585 /* LoanClassification.h */,
				847199D61E778F2E0026F585 /* LoanClassification.m */,
				8442AABF1E8BAC1C00655887 /* AmountTableViewCell.h */,
				8442AAC01E8BAC1C00655887 /* AmountTableViewCell.m */,
				840FE9981E6FFEA10050C444 /* JishiyuTableViewCell.h */,
				840FE9991E6FFEA10050C444 /* JishiyuTableViewCell.m */,
			);
			name = View;
			sourceTree = "<group>";
		};
		84FF81321E70F7E50096AE87 /* Login */ = {
			isa = PBXGroup;
			children = (
				841224621E6D490100048188 /* MineViewController.h */,
				841224631E6D490100048188 /* MineViewController.m */,
				8442AAB61E8B8F4200655887 /* SetupViewController.h */,
				8442AAB71E8B8F4200655887 /* SetupViewController.m */,
				8442AAB91E8B992600655887 /* AboutUsViewController.h */,
				8442AABA1E8B992600655887 /* AboutUsViewController.m */,
				8451AFC11EA89842002F04B6 /* ShareFriendsViewController.h */,
				8451AFC21EA89842002F04B6 /* ShareFriendsViewController.m */,
				8451AFC01EA8963D002F04B6 /* RegistereForFriend */,
				84B4779D1E8CB30A00DDF4AB /* BusinessViewController.h */,
				84B4779E1E8CB30A00DDF4AB /* BusinessViewController.m */,
				840FE9521E6F9F3E0050C444 /* LoginViewController.h */,
				840FE9531E6F9F3E0050C444 /* LoginViewController.m */,
				840FE9791E6FA8570050C444 /* LandingDynamicViewControllerViewController.h */,
				840FE97A1E6FA8570050C444 /* LandingDynamicViewControllerViewController.m */,
				840FE97C1E6FA88B0050C444 /* PasswordLandingViewViewController.h */,
				840FE97D1E6FA88B0050C444 /* PasswordLandingViewViewController.m */,
			);
			name = Login;
			sourceTree = "<group>";
		};
		84FF81331E7145300096AE87 /* Register */ = {
			isa = PBXGroup;
			children = (
				84FF81371E7155EE0096AE87 /* RegisterVC.h */,
				84FF81381E7155EE0096AE87 /* RegisterVC.m */,
			);
			name = Register;
			sourceTree = "<group>";
		};
		B44CCE24FD159563128AB5DA /* Pods */ = {
			isa = PBXGroup;
			children = (
				323BDEF1C42090E0283F4D58 /* Pods-jishi.debug.xcconfig */,
				135956D68EBA3E15E510604C /* Pods-jishi.release.xcconfig */,
				FF093DB6F47C31EC084AE4D6 /* Pods-jishi.ad hoc distribution.xcconfig */,
			);
			name = Pods;
			sourceTree = "<group>";
		};
/* End PBXGroup section */

/* Begin PBXNativeTarget section */
		841224241E6D480300048188 /* jishi */ = {
			isa = PBXNativeTarget;
			buildConfigurationList = 841224521E6D480300048188 /* Build configuration list for PBXNativeTarget "jishi" */;
			buildPhases = (
				83375EBFA0C593B3B4B96C0F /* [CP] Check Pods Manifest.lock */,
				841224211E6D480300048188 /* Sources */,
				841224221E6D480300048188 /* Frameworks */,
				841224231E6D480300048188 /* Resources */,
				A60A943C878B1FE7CDFBCFD7 /* [CP] Embed Pods Frameworks */,
				E486E3AFF64BA137A8B212F0 /* [CP] Copy Pods Resources */,
			);
			buildRules = (
			);
			dependencies = (
			);
			name = jishi;
			productName = jishi;
			productReference = 841224251E6D480300048188 /* jishi.app */;
			productType = "com.apple.product-type.application";
		};
		8412243D1E6D480300048188 /* jishiTests */ = {
			isa = PBXNativeTarget;
			buildConfigurationList = 841224551E6D480300048188 /* Build configuration list for PBXNativeTarget "jishiTests" */;
			buildPhases = (
				8412243A1E6D480300048188 /* Sources */,
				8412243B1E6D480300048188 /* Frameworks */,
				8412243C1E6D480300048188 /* Resources */,
			);
			buildRules = (
			);
			dependencies = (
				841224401E6D480300048188 /* PBXTargetDependency */,
			);
			name = jishiTests;
			productName = jishiTests;
			productReference = 8412243E1E6D480300048188 /* jishiTests.xctest */;
			productType = "com.apple.product-type.bundle.unit-test";
		};
		841224481E6D480300048188 /* jishiUITests */ = {
			isa = PBXNativeTarget;
			buildConfigurationList = 841224581E6D480300048188 /* Build configuration list for PBXNativeTarget "jishiUITests" */;
			buildPhases = (
				841224451E6D480300048188 /* Sources */,
				841224461E6D480300048188 /* Frameworks */,
				841224471E6D480300048188 /* Resources */,
			);
			buildRules = (
			);
			dependencies = (
				8412244B1E6D480300048188 /* PBXTargetDependency */,
			);
			name = jishiUITests;
			productName = jishiUITests;
			productReference = 841224491E6D480300048188 /* jishiUITests.xctest */;
			productType = "com.apple.product-type.bundle.ui-testing";
		};
/* End PBXNativeTarget section */

/* Begin PBXProject section */
		8412241D1E6D480300048188 /* Project object */ = {
			isa = PBXProject;
			attributes = {
				LastUpgradeCheck = 0820;
				ORGANIZATIONNAME = Admin;
				TargetAttributes = {
					841224241E6D480300048188 = {
						CreatedOnToolsVersion = 8.2.1;
						DevelopmentTeam = NUH99A3LBD;
						ProvisioningStyle = Automatic;
					};
					8412243D1E6D480300048188 = {
						CreatedOnToolsVersion = 8.2.1;
						DevelopmentTeam = NUH99A3LBD;
						ProvisioningStyle = Automatic;
						TestTargetID = 841224241E6D480300048188;
					};
					841224481E6D480300048188 = {
						CreatedOnToolsVersion = 8.2.1;
						DevelopmentTeam = NUH99A3LBD;
						ProvisioningStyle = Automatic;
						TestTargetID = 841224241E6D480300048188;
					};
				};
			};
			buildConfigurationList = 841224201E6D480300048188 /* Build configuration list for PBXProject "jishi" */;
			compatibilityVersion = "Xcode 3.2";
			developmentRegion = English;
			hasScannedForEncodings = 0;
			knownRegions = (
				en,
				Base,
			);
			mainGroup = 8412241C1E6D480300048188;
			productRefGroup = 841224261E6D480300048188 /* Products */;
			projectDirPath = "";
			projectRoot = "";
			targets = (
				841224241E6D480300048188 /* jishi */,
				8412243D1E6D480300048188 /* jishiTests */,
				841224481E6D480300048188 /* jishiUITests */,
			);
		};
/* End PBXProject section */

/* Begin PBXResourcesBuildPhase section */
		841224231E6D480300048188 /* Resources */ = {
			isa = PBXResourcesBuildPhase;
			buildActionMask = 2147483647;
			files = (
				841224381E6D480300048188 /* LaunchScreen.storyboard in Resources */,
				84546F531EA5FECC00AD0350 /* Assets.xcassets in Resources */,
				841224331E6D480300048188 /* Main.storyboard in Resources */,
			);
			runOnlyForDeploymentPostprocessing = 0;
		};
		8412243C1E6D480300048188 /* Resources */ = {
			isa = PBXResourcesBuildPhase;
			buildActionMask = 2147483647;
			files = (
			);
			runOnlyForDeploymentPostprocessing = 0;
		};
		841224471E6D480300048188 /* Resources */ = {
			isa = PBXResourcesBuildPhase;
			buildActionMask = 2147483647;
			files = (
			);
			runOnlyForDeploymentPostprocessing = 0;
		};
/* End PBXResourcesBuildPhase section */

/* Begin PBXShellScriptBuildPhase section */
		83375EBFA0C593B3B4B96C0F /* [CP] Check Pods Manifest.lock */ = {
			isa = PBXShellScriptBuildPhase;
			buildActionMask = 2147483647;
			files = (
			);
			inputPaths = (
			);
			name = "[CP] Check Pods Manifest.lock";
			outputPaths = (
			);
			runOnlyForDeploymentPostprocessing = 0;
			shellPath = /bin/sh;
			shellScript = "diff \"${PODS_ROOT}/../Podfile.lock\" \"${PODS_ROOT}/Manifest.lock\" > /dev/null\nif [ $? != 0 ] ; then\n    # print error to STDERR\n    echo \"error: The sandbox is not in sync with the Podfile.lock. Run 'pod install' or update your CocoaPods installation.\" >&2\n    exit 1\nfi\n";
			showEnvVarsInLog = 0;
		};
		A60A943C878B1FE7CDFBCFD7 /* [CP] Embed Pods Frameworks */ = {
			isa = PBXShellScriptBuildPhase;
			buildActionMask = 2147483647;
			files = (
			);
			inputPaths = (
			);
			name = "[CP] Embed Pods Frameworks";
			outputPaths = (
			);
			runOnlyForDeploymentPostprocessing = 0;
			shellPath = /bin/sh;
			shellScript = "\"${SRCROOT}/Pods/Target Support Files/Pods-jishi/Pods-jishi-frameworks.sh\"\n";
			showEnvVarsInLog = 0;
		};
		E486E3AFF64BA137A8B212F0 /* [CP] Copy Pods Resources */ = {
			isa = PBXShellScriptBuildPhase;
			buildActionMask = 2147483647;
			files = (
			);
			inputPaths = (
			);
			name = "[CP] Copy Pods Resources";
			outputPaths = (
			);
			runOnlyForDeploymentPostprocessing = 0;
			shellPath = /bin/sh;
			shellScript = "\"${SRCROOT}/Pods/Target Support Files/Pods-jishi/Pods-jishi-resources.sh\"\n";
			showEnvVarsInLog = 0;
		};
/* End PBXShellScriptBuildPhase section */

/* Begin PBXSourcesBuildPhase section */
		841224211E6D480300048188 /* Sources */ = {
			isa = PBXSourcesBuildPhase;
			buildActionMask = 2147483647;
			files = (
				84546F501EA5F37C00AD0350 /* FastHandleCardCollectionViewCell.m in Sources */,
				8442AABB1E8B992600655887 /* AboutUsViewController.m in Sources */,
				84A733481EB86C07008ABB7E /* XHJAddressBook.m in Sources */,
				841224301E6D480300048188 /* ViewController.m in Sources */,
				841224671E6D490100048188 /* MineViewController.m in Sources */,
				840FE97E1E6FA88B0050C444 /* PasswordLandingViewViewController.m in Sources */,
				84B4779C1E8C9EE600DDF4AB /* LoanClickViewController.m in Sources */,
				8402B9F31E9F3252000CDFF7 /* AddressVC.m in Sources */,
				847199DA1E779E9F0026F585 /* LoanClasssificationVC.m in Sources */,
				84546F511EA5F37C00AD0350 /* FastHandleCardViewController.m in Sources */,
				840FE9831E6FCE430050C444 /* NetWorkManager.m in Sources */,
				84B4779F1E8CB30A00DDF4AB /* BusinessViewController.m in Sources */,
				840FE96C1E6FA18D0050C444 /* OptionBarController.m in Sources */,
				84A733441EB86C07008ABB7E /* AddressBookVC.m in Sources */,
				840FE9941E6FF3900050C444 /* WebVC.m in Sources */,
				8412242D1E6D480300048188 /* AppDelegate.m in Sources */,
				840FE97B1E6FA8570050C444 /* LandingDynamicViewControllerViewController.m in Sources */,
				840FE9911E6FDCCA0050C444 /* ProductModel.m in Sources */,
				8402B9E01E9F2917000CDFF7 /* InviteFriendsViewController.m in Sources */,
				847199E01E77CA410026F585 /* UserInfoContext.m in Sources */,
				841224641E6D490100048188 /* JishiyuViewController.m in Sources */,
				8419CA411E729C4B00EAE23C /* YTUIToolbar.m in Sources */,
				8451AFC31EA89842002F04B6 /* ShareFriendsViewController.m in Sources */,
				8442AAB81E8B8F4200655887 /* SetupViewController.m in Sources */,
				8412242A1E6D480300048188 /* main.m in Sources */,
				840AB3521E6E50DA00532231 /* WSIndexBanner.m in Sources */,
				840FE9881E6FCFEE0050C444 /* MessageAlertView.m in Sources */,
				8442AAB51E8B8B7A00655887 /* AmountClassificationViewController.m in Sources */,
				841224651E6D490100048188 /* DaikuanViewController.m in Sources */,
				84B9DC2A1E9DCCB10066A92D /* NavBaseVC.m in Sources */,
				8419CA311E72393900EAE23C /* JishiyuDetailsViewController.m in Sources */,
				84B9DC271E9DCCB10066A92D /* BaseVC.m in Sources */,
				840FE96D1E6FA18D0050C444 /* OptionsBarItem.m in Sources */,
				840AB3531E6E50DA00532231 /* WSPageView.m in Sources */,
				840FE9841E6FCE440050C444 /* NetWorkUtil.m in Sources */,
				840FE99A1E6FFEA10050C444 /* JishiyuTableViewCell.m in Sources */,
				84A733451EB86C07008ABB7E /* CDFInitialsAvatar.m in Sources */,
				840FE98E1E6FD2650050C444 /* UtilTools.m in Sources */,
				840FE9541E6F9F3E0050C444 /* LoginViewController.m in Sources */,
				84A733471EB86C07008ABB7E /* PersonCell.m in Sources */,
				844B8FF91E769275007C3207 /* DaikuanTableViewCell.m in Sources */,
				847199D71E778F2E0026F585 /* LoanClassification.m in Sources */,
				84B9DC261E9DCCB10066A92D /* BaseNC.m in Sources */,
				84B9DC291E9DCCB10066A92D /* GestureNavBaseVC.m in Sources */,
				84B9DC281E9DCCB10066A92D /* GestureBaseVC.m in Sources */,
				8402B9F61E9F3AF2000CDFF7 /* PersonModel.m in Sources */,
				84A733461EB86C07008ABB7E /* NSString+TKUtilities.m in Sources */,
				84FF81391E7155EE0096AE87 /* RegisterVC.m in Sources */,
				840FE96E1E6FA18D0050C444 /* OptionsBarView.m in Sources */,
				847199DD1E77C92B0026F585 /* User.m in Sources */,
				8419CA401E729C4B00EAE23C /* YTUITextField.m in Sources */,
				84361FD91EB1BD4E008595E7 /* CarkClickViewController.m in Sources */,
				8442AAC11E8BAC1C00655887 /* AmountTableViewCell.m in Sources */,
				844B8FF61E766ABF007C3207 /* ForgotPasswordVC.m in Sources */,
				840FE96B1E6FA18D0050C444 /* BottomLineView.m in Sources */,
			);
			runOnlyForDeploymentPostprocessing = 0;
		};
		8412243A1E6D480300048188 /* Sources */ = {
			isa = PBXSourcesBuildPhase;
			buildActionMask = 2147483647;
			files = (
				841224431E6D480300048188 /* jishiTests.m in Sources */,
			);
			runOnlyForDeploymentPostprocessing = 0;
		};
		841224451E6D480300048188 /* Sources */ = {
			isa = PBXSourcesBuildPhase;
			buildActionMask = 2147483647;
			files = (
				8412244E1E6D480300048188 /* jishiUITests.m in Sources */,
			);
			runOnlyForDeploymentPostprocessing = 0;
		};
/* End PBXSourcesBuildPhase section */

/* Begin PBXTargetDependency section */
		841224401E6D480300048188 /* PBXTargetDependency */ = {
			isa = PBXTargetDependency;
			target = 841224241E6D480300048188 /* jishi */;
			targetProxy = 8412243F1E6D480300048188 /* PBXContainerItemProxy */;
		};
		8412244B1E6D480300048188 /* PBXTargetDependency */ = {
			isa = PBXTargetDependency;
			target = 841224241E6D480300048188 /* jishi */;
			targetProxy = 8412244A1E6D480300048188 /* PBXContainerItemProxy */;
		};
/* End PBXTargetDependency section */

/* Begin PBXVariantGroup section */
		841224311E6D480300048188 /* Main.storyboard */ = {
			isa = PBXVariantGroup;
			children = (
				841224321E6D480300048188 /* Base */,
			);
			name = Main.storyboard;
			sourceTree = "<group>";
		};
		841224361E6D480300048188 /* LaunchScreen.storyboard */ = {
			isa = PBXVariantGroup;
			children = (
				841224371E6D480300048188 /* Base */,
			);
			name = LaunchScreen.storyboard;
			sourceTree = "<group>";
		};
/* End PBXVariantGroup section */

/* Begin XCBuildConfiguration section */
		841224501E6D480300048188 /* Debug */ = {
			isa = XCBuildConfiguration;
			buildSettings = {
				ALWAYS_SEARCH_USER_PATHS = NO;
				CLANG_ANALYZER_NONNULL = YES;
				CLANG_CXX_LANGUAGE_STANDARD = "gnu++0x";
				CLANG_CXX_LIBRARY = "libc++";
				CLANG_ENABLE_MODULES = YES;
				CLANG_ENABLE_OBJC_ARC = YES;
				CLANG_WARN_BOOL_CONVERSION = YES;
				CLANG_WARN_CONSTANT_CONVERSION = YES;
				CLANG_WARN_DIRECT_OBJC_ISA_USAGE = YES_ERROR;
				CLANG_WARN_DOCUMENTATION_COMMENTS = YES;
				CLANG_WARN_EMPTY_BODY = YES;
				CLANG_WARN_ENUM_CONVERSION = YES;
				CLANG_WARN_INFINITE_RECURSION = YES;
				CLANG_WARN_INT_CONVERSION = YES;
				CLANG_WARN_OBJC_ROOT_CLASS = YES_ERROR;
				CLANG_WARN_SUSPICIOUS_MOVE = YES;
				CLANG_WARN_UNREACHABLE_CODE = YES;
				CLANG_WARN__DUPLICATE_METHOD_MATCH = YES;
				CODE_SIGN_IDENTITY = "";
				"CODE_SIGN_IDENTITY[sdk=iphoneos*]" = "";
				COPY_PHASE_STRIP = NO;
				DEBUG_INFORMATION_FORMAT = dwarf;
				DEVELOPMENT_TEAM = NUH99A3LBD;
				ENABLE_STRICT_OBJC_MSGSEND = YES;
				ENABLE_TESTABILITY = YES;
				GCC_C_LANGUAGE_STANDARD = gnu99;
				GCC_DYNAMIC_NO_PIC = NO;
				GCC_NO_COMMON_BLOCKS = YES;
				GCC_OPTIMIZATION_LEVEL = 0;
				GCC_PREPROCESSOR_DEFINITIONS = (
					"DEBUG=1",
					"$(inherited)",
				);
				GCC_WARN_64_TO_32_BIT_CONVERSION = YES;
				GCC_WARN_ABOUT_RETURN_TYPE = YES_ERROR;
				GCC_WARN_UNDECLARED_SELECTOR = YES;
				GCC_WARN_UNINITIALIZED_AUTOS = YES_AGGRESSIVE;
				GCC_WARN_UNUSED_FUNCTION = YES;
				GCC_WARN_UNUSED_VARIABLE = YES;
				IPHONEOS_DEPLOYMENT_TARGET = 9.0;
				MTL_ENABLE_DEBUG_INFO = YES;
				ONLY_ACTIVE_ARCH = YES;
				OTHER_LDFLAGS = "-ObjC";
				PRODUCT_BUNDLE_IDENTIFIER = com.haitian.jiandanjiekuanmiaojieban;
				PROVISIONING_PROFILE = "8c634167-ad7e-47bb-80fa-02064455634a";
				SDKROOT = iphoneos;
				TARGETED_DEVICE_FAMILY = "1,2";
			};
			name = Debug;
		};
		841224511E6D480300048188 /* Release */ = {
			isa = XCBuildConfiguration;
			buildSettings = {
				ALWAYS_SEARCH_USER_PATHS = NO;
				CLANG_ANALYZER_NONNULL = YES;
				CLANG_CXX_LANGUAGE_STANDARD = "gnu++0x";
				CLANG_CXX_LIBRARY = "libc++";
				CLANG_ENABLE_MODULES = YES;
				CLANG_ENABLE_OBJC_ARC = YES;
				CLANG_WARN_BOOL_CONVERSION = YES;
				CLANG_WARN_CONSTANT_CONVERSION = YES;
				CLANG_WARN_DIRECT_OBJC_ISA_USAGE = YES_ERROR;
				CLANG_WARN_DOCUMENTATION_COMMENTS = YES;
				CLANG_WARN_EMPTY_BODY = YES;
				CLANG_WARN_ENUM_CONVERSION = YES;
				CLANG_WARN_INFINITE_RECURSION = YES;
				CLANG_WARN_INT_CONVERSION = YES;
				CLANG_WARN_OBJC_ROOT_CLASS = YES_ERROR;
				CLANG_WARN_SUSPICIOUS_MOVE = YES;
				CLANG_WARN_UNREACHABLE_CODE = YES;
				CLANG_WARN__DUPLICATE_METHOD_MATCH = YES;
				CODE_SIGN_IDENTITY = "iPhone Distribution: ZheJiang HaiTian Network Technology Co., Ltd (NUH99A3LBD)";
				"CODE_SIGN_IDENTITY[sdk=iphoneos*]" = "iPhone Distribution: ZheJiang HaiTian Network Technology Co., Ltd (NUH99A3LBD)";
				COPY_PHASE_STRIP = NO;
				DEBUG_INFORMATION_FORMAT = "dwarf-with-dsym";
				DEVELOPMENT_TEAM = NUH99A3LBD;
				ENABLE_NS_ASSERTIONS = NO;
				ENABLE_STRICT_OBJC_MSGSEND = YES;
				GCC_C_LANGUAGE_STANDARD = gnu99;
				GCC_NO_COMMON_BLOCKS = YES;
				GCC_WARN_64_TO_32_BIT_CONVERSION = YES;
				GCC_WARN_ABOUT_RETURN_TYPE = YES_ERROR;
				GCC_WARN_UNDECLARED_SELECTOR = YES;
				GCC_WARN_UNINITIALIZED_AUTOS = YES_AGGRESSIVE;
				GCC_WARN_UNUSED_FUNCTION = YES;
				GCC_WARN_UNUSED_VARIABLE = YES;
				IPHONEOS_DEPLOYMENT_TARGET = 9.0;
				MTL_ENABLE_DEBUG_INFO = NO;
				OTHER_LDFLAGS = "-ObjC";
				PRODUCT_BUNDLE_IDENTIFIER = com.haitian.jiandanjiekuanmiaojieban;
				PROVISIONING_PROFILE = "8c634167-ad7e-47bb-80fa-02064455634a";
				SDKROOT = iphoneos;
				TARGETED_DEVICE_FAMILY = "1,2";
				VALIDATE_PRODUCT = YES;
			};
			name = Release;
		};
		841224531E6D480300048188 /* Debug */ = {
			isa = XCBuildConfiguration;
			baseConfigurationReference = 323BDEF1C42090E0283F4D58 /* Pods-jishi.debug.xcconfig */;
			buildSettings = {
				ASSETCATALOG_COMPILER_APPICON_NAME = AppIcon;
				CODE_SIGN_IDENTITY = "iPhone Developer: Jiaowa Tian (33CQCCKDU6)";
				"CODE_SIGN_IDENTITY[sdk=iphoneos*]" = "iPhone Developer";
				DEVELOPMENT_TEAM = NUH99A3LBD;
				GCC_PRECOMPILE_PREFIX_HEADER = YES;
				GCC_PREFIX_HEADER = "$(SRCROOT)/jishi/PrefixHeader.pch";
				HEADER_SEARCH_PATHS = "${SDK_DIR}/usr/include/libxml2";
				INFOPLIST_FILE = jishi/Info.plist;
				IPHONEOS_DEPLOYMENT_TARGET = 9.0;
				LD_RUNPATH_SEARCH_PATHS = "$(inherited) @executable_path/Frameworks";
				OTHER_LDFLAGS = (
					"$(inherited)",
					"-ObjC",
					"-l\"AFNetworking\"",
					"-l\"ElementParser\"",
					"-l\"RealReachability\"",
					"-l\"SocialQQ\"",
					"-l\"SocialWeChat\"",
					"-l\"UMSocialLog\"",
					"-l\"WeChatSDK\"",
					"-l\"c++\"",
					"-l\"sqlite3\"",
					"-l\"z\"",
					"-framework",
					"\"CoreGraphics\"",
					"-framework",
					"\"CoreTelephony\"",
					"-framework",
					"\"MobileCoreServices\"",
					"-framework",
					"\"QuartzCore\"",
					"-framework",
					"\"Security\"",
					"-framework",
					"\"SystemConfiguration\"",
					"-framework",
					"\"TencentOpenAPI\"",
					"-framework",
					"\"UMMobClick\"",
					"-framework",
					"\"UMSocialCore\"",
					"-framework",
					"\"UMSocialNetwork\"",
					"-framework",
					"\"UShareUI\"",
					"-ObjC",
				);
				PRODUCT_BUNDLE_IDENTIFIER = com.haitian.caocaodaikuanwang;
				PRODUCT_NAME = "$(TARGET_NAME)";
				PROVISIONING_PROFILE = "";
				PROVISIONING_PROFILE_SPECIFIER = "";
				TARGETED_DEVICE_FAMILY = 1;
			};
			name = Debug;
		};
		841224541E6D480300048188 /* Release */ = {
			isa = XCBuildConfiguration;
			baseConfigurationReference = 135956D68EBA3E15E510604C /* Pods-jishi.release.xcconfig */;
			buildSettings = {
				ASSETCATALOG_COMPILER_APPICON_NAME = AppIcon;
				CODE_SIGN_IDENTITY = "iPhone Distribution: ZheJiang HaiTian Network Technology Co., Ltd (NUH99A3LBD)";
				"CODE_SIGN_IDENTITY[sdk=iphoneos*]" = "iPhone Developer";
				DEVELOPMENT_TEAM = NUH99A3LBD;
				GCC_PRECOMPILE_PREFIX_HEADER = YES;
				GCC_PREFIX_HEADER = "$(SRCROOT)/jishi/PrefixHeader.pch";
				HEADER_SEARCH_PATHS = "${SDK_DIR}/usr/include/libxml2";
				INFOPLIST_FILE = jishi/Info.plist;
				IPHONEOS_DEPLOYMENT_TARGET = 9.0;
				LD_RUNPATH_SEARCH_PATHS = "$(inherited) @executable_path/Frameworks";
				OTHER_LDFLAGS = (
					"$(inherited)",
					"-ObjC",
					"-l\"AFNetworking\"",
					"-l\"ElementParser\"",
					"-l\"RealReachability\"",
					"-l\"SocialQQ\"",
					"-l\"SocialWeChat\"",
					"-l\"UMSocialLog\"",
					"-l\"WeChatSDK\"",
					"-l\"c++\"",
					"-l\"sqlite3\"",
					"-l\"z\"",
					"-framework",
					"\"CoreGraphics\"",
					"-framework",
					"\"CoreTelephony\"",
					"-framework",
					"\"MobileCoreServices\"",
					"-framework",
					"\"QuartzCore\"",
					"-framework",
					"\"Security\"",
					"-framework",
					"\"SystemConfiguration\"",
					"-framework",
					"\"TencentOpenAPI\"",
					"-framework",
					"\"UMMobClick\"",
					"-framework",
					"\"UMSocialCore\"",
					"-framework",
					"\"UMSocialNetwork\"",
					"-framework",
					"\"UShareUI\"",
					"-ObjC",
				);
				PRODUCT_BUNDLE_IDENTIFIER = com.haitian.caocaodaikuanwang;
				PRODUCT_NAME = "$(TARGET_NAME)";
				PROVISIONING_PROFILE = "";
				PROVISIONING_PROFILE_SPECIFIER = "";
				TARGETED_DEVICE_FAMILY = 1;
			};
			name = Release;
		};
		841224561E6D480300048188 /* Debug */ = {
			isa = XCBuildConfiguration;
			buildSettings = {
				BUNDLE_LOADER = "$(TEST_HOST)";
				CODE_SIGN_IDENTITY = "iPhone Developer: Jiaowa Tian (33CQCCKDU6)";
				"CODE_SIGN_IDENTITY[sdk=iphoneos*]" = "iPhone Developer";
				DEVELOPMENT_TEAM = NUH99A3LBD;
				INFOPLIST_FILE = jishiTests/Info.plist;
				LD_RUNPATH_SEARCH_PATHS = "$(inherited) @executable_path/Frameworks @loader_path/Frameworks";
				PRODUCT_BUNDLE_IDENTIFIER = com.haitian.jiandanjiekuanmiaojieban;
				PRODUCT_NAME = "$(TARGET_NAME)";
				PROVISIONING_PROFILE = "";
				PROVISIONING_PROFILE_SPECIFIER = "";
				TEST_HOST = "$(BUILT_PRODUCTS_DIR)/jishi.app/jishi";
			};
			name = Debug;
		};
		841224571E6D480300048188 /* Release */ = {
			isa = XCBuildConfiguration;
			buildSettings = {
				BUNDLE_LOADER = "$(TEST_HOST)";
				CODE_SIGN_IDENTITY = "iPhone Distribution: ZheJiang HaiTian Network Technology Co., Ltd (NUH99A3LBD)";
				"CODE_SIGN_IDENTITY[sdk=iphoneos*]" = "iPhone Developer";
				DEVELOPMENT_TEAM = NUH99A3LBD;
				INFOPLIST_FILE = jishiTests/Info.plist;
				LD_RUNPATH_SEARCH_PATHS = "$(inherited) @executable_path/Frameworks @loader_path/Frameworks";
				PRODUCT_BUNDLE_IDENTIFIER = com.haitian.jiandanjiekuanmiaojieban;
				PRODUCT_NAME = "$(TARGET_NAME)";
				PROVISIONING_PROFILE = "";
				PROVISIONING_PROFILE_SPECIFIER = "";
				TEST_HOST = "$(BUILT_PRODUCTS_DIR)/jishi.app/jishi";
			};
			name = Release;
		};
		841224591E6D480300048188 /* Debug */ = {
			isa = XCBuildConfiguration;
			buildSettings = {
				CODE_SIGN_IDENTITY = "iPhone Developer: Jiaowa Tian (33CQCCKDU6)";
				"CODE_SIGN_IDENTITY[sdk=iphoneos*]" = "iPhone Developer";
				DEVELOPMENT_TEAM = NUH99A3LBD;
				INFOPLIST_FILE = jishiUITests/Info.plist;
				LD_RUNPATH_SEARCH_PATHS = "$(inherited) @executable_path/Frameworks @loader_path/Frameworks";
				PRODUCT_BUNDLE_IDENTIFIER = com.haitian.jiandanjiekuanmiaojieban;
				PRODUCT_NAME = "$(TARGET_NAME)";
				PROVISIONING_PROFILE = "";
				PROVISIONING_PROFILE_SPECIFIER = "";
				TEST_TARGET_NAME = jishi;
				VALIDATE_PRODUCT = NO;
			};
			name = Debug;
		};
		8412245A1E6D480300048188 /* Release */ = {
			isa = XCBuildConfiguration;
			buildSettings = {
				CODE_SIGN_IDENTITY = "iPhone Distribution: ZheJiang HaiTian Network Technology Co., Ltd (NUH99A3LBD)";
				"CODE_SIGN_IDENTITY[sdk=iphoneos*]" = "iPhone Developer";
				DEVELOPMENT_TEAM = NUH99A3LBD;
				INFOPLIST_FILE = jishiUITests/Info.plist;
				LD_RUNPATH_SEARCH_PATHS = "$(inherited) @executable_path/Frameworks @loader_path/Frameworks";
				PRODUCT_BUNDLE_IDENTIFIER = com.haitian.jiandanjiekuanmiaojieban;
				PRODUCT_NAME = "$(TARGET_NAME)";
				PROVISIONING_PROFILE = "";
				PROVISIONING_PROFILE_SPECIFIER = "";
				TEST_TARGET_NAME = jishi;
				VALIDATE_PRODUCT = NO;
			};
			name = Release;
		};
		8423B8251E791AFE003CA66D /* ad hoc distribution */ = {
			isa = XCBuildConfiguration;
			buildSettings = {
				ALWAYS_SEARCH_USER_PATHS = NO;
				CLANG_ANALYZER_NONNULL = YES;
				CLANG_CXX_LANGUAGE_STANDARD = "gnu++0x";
				CLANG_CXX_LIBRARY = "libc++";
				CLANG_ENABLE_MODULES = YES;
				CLANG_ENABLE_OBJC_ARC = YES;
				CLANG_WARN_BOOL_CONVERSION = YES;
				CLANG_WARN_CONSTANT_CONVERSION = YES;
				CLANG_WARN_DIRECT_OBJC_ISA_USAGE = YES_ERROR;
				CLANG_WARN_DOCUMENTATION_COMMENTS = YES;
				CLANG_WARN_EMPTY_BODY = YES;
				CLANG_WARN_ENUM_CONVERSION = YES;
				CLANG_WARN_INFINITE_RECURSION = YES;
				CLANG_WARN_INT_CONVERSION = YES;
				CLANG_WARN_OBJC_ROOT_CLASS = YES_ERROR;
				CLANG_WARN_SUSPICIOUS_MOVE = YES;
				CLANG_WARN_UNREACHABLE_CODE = YES;
				CLANG_WARN__DUPLICATE_METHOD_MATCH = YES;
				CODE_SIGN_IDENTITY = "iPhone Distribution: ZheJiang HaiTian Network Technology Co., Ltd (NUH99A3LBD)";
				"CODE_SIGN_IDENTITY[sdk=iphoneos*]" = "iPhone Distribution: ZheJiang HaiTian Network Technology Co., Ltd (NUH99A3LBD)";
				COPY_PHASE_STRIP = NO;
				DEBUG_INFORMATION_FORMAT = "dwarf-with-dsym";
				DEVELOPMENT_TEAM = NUH99A3LBD;
				ENABLE_NS_ASSERTIONS = NO;
				ENABLE_STRICT_OBJC_MSGSEND = YES;
				GCC_C_LANGUAGE_STANDARD = gnu99;
				GCC_NO_COMMON_BLOCKS = YES;
				GCC_WARN_64_TO_32_BIT_CONVERSION = YES;
				GCC_WARN_ABOUT_RETURN_TYPE = YES_ERROR;
				GCC_WARN_UNDECLARED_SELECTOR = YES;
				GCC_WARN_UNINITIALIZED_AUTOS = YES_AGGRESSIVE;
				GCC_WARN_UNUSED_FUNCTION = YES;
				GCC_WARN_UNUSED_VARIABLE = YES;
				IPHONEOS_DEPLOYMENT_TARGET = 9.0;
				MTL_ENABLE_DEBUG_INFO = NO;
				OTHER_LDFLAGS = "-ObjC";
				PRODUCT_BUNDLE_IDENTIFIER = com.haitian.jiandanjiekuanmiaojieban;
				PROVISIONING_PROFILE = "8c634167-ad7e-47bb-80fa-02064455634a";
				SDKROOT = iphoneos;
				TARGETED_DEVICE_FAMILY = "1,2";
				VALIDATE_PRODUCT = YES;
			};
			name = "ad hoc distribution";
		};
		8423B8261E791AFE003CA66D /* ad hoc distribution */ = {
			isa = XCBuildConfiguration;
			baseConfigurationReference = FF093DB6F47C31EC084AE4D6 /* Pods-jishi.ad hoc distribution.xcconfig */;
			buildSettings = {
				ASSETCATALOG_COMPILER_APPICON_NAME = AppIcon;
				CODE_SIGN_IDENTITY = "iPhone Distribution: ZheJiang HaiTian Network Technology Co., Ltd (NUH99A3LBD)";
				"CODE_SIGN_IDENTITY[sdk=iphoneos*]" = "iPhone Developer";
				DEVELOPMENT_TEAM = NUH99A3LBD;
				GCC_PRECOMPILE_PREFIX_HEADER = YES;
				GCC_PREFIX_HEADER = "$(SRCROOT)/jishi/PrefixHeader.pch";
				HEADER_SEARCH_PATHS = "${SDK_DIR}/usr/include/libxml2";
				INFOPLIST_FILE = jishi/Info.plist;
				IPHONEOS_DEPLOYMENT_TARGET = 9.0;
				LD_RUNPATH_SEARCH_PATHS = "$(inherited) @executable_path/Frameworks";
				OTHER_LDFLAGS = (
					"$(inherited)",
					"-ObjC",
					"-l\"AFNetworking\"",
					"-l\"ElementParser\"",
					"-l\"RealReachability\"",
					"-l\"SocialQQ\"",
					"-l\"SocialWeChat\"",
					"-l\"UMSocialLog\"",
					"-l\"WeChatSDK\"",
					"-l\"c++\"",
					"-l\"sqlite3\"",
					"-l\"z\"",
					"-framework",
					"\"CoreGraphics\"",
					"-framework",
					"\"CoreTelephony\"",
					"-framework",
					"\"MobileCoreServices\"",
					"-framework",
					"\"QuartzCore\"",
					"-framework",
					"\"Security\"",
					"-framework",
					"\"SystemConfiguration\"",
					"-framework",
					"\"TencentOpenAPI\"",
					"-framework",
					"\"UMMobClick\"",
					"-framework",
					"\"UMSocialCore\"",
					"-framework",
					"\"UMSocialNetwork\"",
					"-framework",
					"\"UShareUI\"",
					"-ObjC",
				);
				PRODUCT_BUNDLE_IDENTIFIER = com.haitian.caocaodaikuanwang;
				PRODUCT_NAME = "$(TARGET_NAME)";
				PROVISIONING_PROFILE = "";
				PROVISIONING_PROFILE_SPECIFIER = "";
				TARGETED_DEVICE_FAMILY = 1;
			};
			name = "ad hoc distribution";
		};
		8423B8271E791AFE003CA66D /* ad hoc distribution */ = {
			isa = XCBuildConfiguration;
			buildSettings = {
				BUNDLE_LOADER = "$(TEST_HOST)";
				CODE_SIGN_IDENTITY = "iPhone Distribution: ZheJiang HaiTian Network Technology Co., Ltd (NUH99A3LBD)";
				"CODE_SIGN_IDENTITY[sdk=iphoneos*]" = "iPhone Developer";
				DEVELOPMENT_TEAM = NUH99A3LBD;
				INFOPLIST_FILE = jishiTests/Info.plist;
				LD_RUNPATH_SEARCH_PATHS = "$(inherited) @executable_path/Frameworks @loader_path/Frameworks";
				PRODUCT_BUNDLE_IDENTIFIER = com.haitian.jiandanjiekuanmiaojieban;
				PRODUCT_NAME = "$(TARGET_NAME)";
				PROVISIONING_PROFILE = "";
				PROVISIONING_PROFILE_SPECIFIER = "";
				TEST_HOST = "$(BUILT_PRODUCTS_DIR)/jishi.app/jishi";
			};
			name = "ad hoc distribution";
		};
		8423B8281E791AFE003CA66D /* ad hoc distribution */ = {
			isa = XCBuildConfiguration;
			buildSettings = {
				CODE_SIGN_IDENTITY = "iPhone Distribution: ZheJiang HaiTian Network Technology Co., Ltd (NUH99A3LBD)";
				"CODE_SIGN_IDENTITY[sdk=iphoneos*]" = "iPhone Developer";
				DEVELOPMENT_TEAM = NUH99A3LBD;
				INFOPLIST_FILE = jishiUITests/Info.plist;
				LD_RUNPATH_SEARCH_PATHS = "$(inherited) @executable_path/Frameworks @loader_path/Frameworks";
				PRODUCT_BUNDLE_IDENTIFIER = com.haitian.jiandanjiekuanmiaojieban;
				PRODUCT_NAME = "$(TARGET_NAME)";
				PROVISIONING_PROFILE = "";
				PROVISIONING_PROFILE_SPECIFIER = "";
				TEST_TARGET_NAME = jishi;
				VALIDATE_PRODUCT = NO;
			};
			name = "ad hoc distribution";
		};
/* End XCBuildConfiguration section */

/* Begin XCConfigurationList section */
		841224201E6D480300048188 /* Build configuration list for PBXProject "jishi" */ = {
			isa = XCConfigurationList;
			buildConfigurations = (
				841224501E6D480300048188 /* Debug */,
				841224511E6D480300048188 /* Release */,
				8423B8251E791AFE003CA66D /* ad hoc distribution */,
			);
			defaultConfigurationIsVisible = 0;
			defaultConfigurationName = Release;
		};
		841224521E6D480300048188 /* Build configuration list for PBXNativeTarget "jishi" */ = {
			isa = XCConfigurationList;
			buildConfigurations = (
				841224531E6D480300048188 /* Debug */,
				841224541E6D480300048188 /* Release */,
				8423B8261E791AFE003CA66D /* ad hoc distribution */,
			);
			defaultConfigurationIsVisible = 0;
			defaultConfigurationName = Release;
		};
		841224551E6D480300048188 /* Build configuration list for PBXNativeTarget "jishiTests" */ = {
			isa = XCConfigurationList;
			buildConfigurations = (
				841224561E6D480300048188 /* Debug */,
				841224571E6D480300048188 /* Release */,
				8423B8271E791AFE003CA66D /* ad hoc distribution */,
			);
			defaultConfigurationIsVisible = 0;
			defaultConfigurationName = Release;
		};
		841224581E6D480300048188 /* Build configuration list for PBXNativeTarget "jishiUITests" */ = {
			isa = XCConfigurationList;
			buildConfigurations = (
				841224591E6D480300048188 /* Debug */,
				8412245A1E6D480300048188 /* Release */,
				8423B8281E791AFE003CA66D /* ad hoc distribution */,
			);
			defaultConfigurationIsVisible = 0;
			defaultConfigurationName = Release;
		};
/* End XCConfigurationList section */
	};
	rootObject = 8412241D1E6D480300048188 /* Project object */;
}
